
Microsoft Visual Studio Solution File, Format Version 12.00
# Visual Studio Version 17
VisualStudioVersion = 17.10.35004.147
MinimumVisualStudioVersion = 10.0.40219.1
Project("{9A19103F-16F7-4668-BE54-9A1E7A4F7556}") = "Hangman.Api", "Hangman.Api\Hangman.Api.csproj", "{038575EF-F8D3-4F38-9685-BBE671053C88}"
EndProject
Project("{9A19103F-16F7-4668-BE54-9A1E7A4F7556}") = "Hangman.Application", "Hangman.Apllication\Hangman.Application.csproj", "{7AAE4387-4043-48EE-83FD-7A44D81A44DA}"
EndProject
Project("{9A19103F-16F7-4668-BE54-9A1E7A4F7556}") = "Hangman.Contracts", "Hangman.Contracts\Hangman.Contracts.csproj", "{8D946D6D-A72A-49F5-9D0B-A4DA850101D1}"
EndProject
Project("{2150E333-8FDC-42A3-9474-1A3956D46DE8}") = "Projektmappenelemente", "Projektmappenelemente", "{62BA1D57-A5B4-49DA-A19F-D952FEE6A5BB}"
	ProjectSection(SolutionItems) = preProject
		Hangman.Api\Dockerfile = Hangman.Api\Dockerfile
	EndProjectSection
EndProject
Global
	GlobalSection(SolutionConfigurationPlatforms) = preSolution
		Debug|Any CPU = Debug|Any CPU
		Release|Any CPU = Release|Any CPU
	EndGlobalSection
	GlobalSection(ProjectConfigurationPlatforms) = postSolution
		{038575EF-F8D3-4F38-9685-BBE671053C88}.Debug|Any CPU.ActiveCfg = Debug|Any CPU
		{038575EF-F8D3-4F38-9685-BBE671053C88}.Debug|Any CPU.Build.0 = Debug|Any CPU
		{038575EF-F8D3-4F38-9685-BBE671053C88}.Release|Any CPU.ActiveCfg = Release|Any CPU
		{038575EF-F8D3-4F38-9685-BBE671053C88}.Release|Any CPU.Build.0 = Release|Any CPU
		{7AAE4387-4043-48EE-83FD-7A44D81A44DA}.Debug|Any CPU.ActiveCfg = Debug|Any CPU
		{7AAE4387-4043-48EE-83FD-7A44D81A44DA}.Debug|Any CPU.Build.0 = Debug|Any CPU
		{7AAE4387-4043-48EE-83FD-7A44D81A44DA}.Release|Any CPU.ActiveCfg = Release|Any CPU
		{7AAE4387-4043-48EE-83FD-7A44D81A44DA}.Release|Any CPU.Build.0 = Release|Any CPU
		{8D946D6D-A72A-49F5-9D0B-A4DA850101D1}.Debug|Any CPU.ActiveCfg = Debug|Any CPU
		{8D946D6D-A72A-49F5-9D0B-A4DA850101D1}.Debug|Any CPU.Build.0 = Debug|Any CPU
		{8D946D6D-A72A-49F5-9D0B-A4DA850101D1}.Release|Any CPU.ActiveCfg = Release|Any CPU
		{8D946D6D-A72A-49F5-9D0B-A4DA850101D1}.Release|Any CPU.Build.0 = Release|Any CPU
	EndGlobalSection
	GlobalSection(SolutionProperties) = preSolution
		HideSolutionNode = FALSE
	EndGlobalSection
	GlobalSection(ExtensibilityGlobals) = postSolution
		SolutionGuid = {C833A3BD-C68F-42D2-AD5F-9AB570DFD220}
	EndGlobalSection
EndGlobal
